// !$*UTF8*$!
{
	archiveVersion = 1;
	classes = {
	};
	objectVersion = 56;
	objects = {

/* Begin PBXBuildFile section */
		63376C022A41815000A23A10 /* WoofyApp.swift in Sources */ = {isa = PBXBuildFile; fileRef = 63376C012A41815000A23A10 /* WoofyApp.swift */; };
		63376C062A41815100A23A10 /* Assets.xcassets in Resources */ = {isa = PBXBuildFile; fileRef = 63376C052A41815100A23A10 /* Assets.xcassets */; };
		63376C092A41815100A23A10 /* Preview Assets.xcassets in Resources */ = {isa = PBXBuildFile; fileRef = 63376C082A41815100A23A10 /* Preview Assets.xcassets */; };
		63376C102A4181E200A23A10 /* BreedsListView.swift in Sources */ = {isa = PBXBuildFile; fileRef = 63376C0F2A4181E200A23A10 /* BreedsListView.swift */; };
		633901D12A6561D500BDF760 /* BreedDetailsView.swift in Sources */ = {isa = PBXBuildFile; fileRef = 633901D02A6561D500BDF760 /* BreedDetailsView.swift */; };
		63D493332A4CC901001865BA /* Trocchi-Regular.ttf in Resources */ = {isa = PBXBuildFile; fileRef = 63D493312A4CC7D4001865BA /* Trocchi-Regular.ttf */; };
		63D493362A4E28BC001865BA /* Breed.swift in Sources */ = {isa = PBXBuildFile; fileRef = 63D493352A4E28BC001865BA /* Breed.swift */; };
		63D493392A51E558001865BA /* BreedsListViewModel.swift in Sources */ = {isa = PBXBuildFile; fileRef = 63D493382A51E558001865BA /* BreedsListViewModel.swift */; };
		63D4933B2A51EAE8001865BA /* BreedsAPIService.swift in Sources */ = {isa = PBXBuildFile; fileRef = 63D4933A2A51EAE8001865BA /* BreedsAPIService.swift */; };
/* End PBXBuildFile section */

/* Begin PBXFileReference section */
		63376BFE2A41815000A23A10 /* Woofy.app */ = {isa = PBXFileReference; explicitFileType = wrapper.application; includeInIndex = 0; path = Woofy.app; sourceTree = BUILT_PRODUCTS_DIR; };
		63376C012A41815000A23A10 /* WoofyApp.swift */ = {isa = PBXFileReference; lastKnownFileType = sourcecode.swift; path = WoofyApp.swift; sourceTree = "<group>"; };
		63376C052A41815100A23A10 /* Assets.xcassets */ = {isa = PBXFileReference; lastKnownFileType = folder.assetcatalog; path = Assets.xcassets; sourceTree = "<group>"; };
		63376C082A41815100A23A10 /* Preview Assets.xcassets */ = {isa = PBXFileReference; lastKnownFileType = folder.assetcatalog; path = "Preview Assets.xcassets"; sourceTree = "<group>"; };
		63376C0F2A4181E200A23A10 /* BreedsListView.swift */ = {isa = PBXFileReference; lastKnownFileType = sourcecode.swift; path = BreedsListView.swift; sourceTree = "<group>"; };
		633901D02A6561D500BDF760 /* BreedDetailsView.swift */ = {isa = PBXFileReference; lastKnownFileType = sourcecode.swift; path = BreedDetailsView.swift; sourceTree = "<group>"; };
		63D493312A4CC7D4001865BA /* Trocchi-Regular.ttf */ = {isa = PBXFileReference; lastKnownFileType = file; path = "Trocchi-Regular.ttf"; sourceTree = "<group>"; };
		63D493322A4CC828001865BA /* Info.plist */ = {isa = PBXFileReference; lastKnownFileType = text.plist; path = Info.plist; sourceTree = "<group>"; };
		63D493352A4E28BC001865BA /* Breed.swift */ = {isa = PBXFileReference; lastKnownFileType = sourcecode.swift; path = Breed.swift; sourceTree = "<group>"; };
		63D493382A51E558001865BA /* BreedsListViewModel.swift */ = {isa = PBXFileReference; lastKnownFileType = sourcecode.swift; path = BreedsListViewModel.swift; sourceTree = "<group>"; };
		63D4933A2A51EAE8001865BA /* BreedsAPIService.swift */ = {isa = PBXFileReference; lastKnownFileType = sourcecode.swift; path = BreedsAPIService.swift; sourceTree = "<group>"; };
/* End PBXFileReference section */

/* Begin PBXFrameworksBuildPhase section */
		63376BFB2A41815000A23A10 /* Frameworks */ = {
			isa = PBXFrameworksBuildPhase;
			buildActionMask = 2147483647;
			files = (
			);
			runOnlyForDeploymentPostprocessing = 0;
		};
/* End PBXFrameworksBuildPhase section */

/* Begin PBXGroup section */
		63376BF52A41815000A23A10 = {
			isa = PBXGroup;
			children = (
				63376C002A41815000A23A10 /* Woofy */,
				63376BFF2A41815000A23A10 /* Products */,
			);
			sourceTree = "<group>";
		};
		63376BFF2A41815000A23A10 /* Products */ = {
			isa = PBXGroup;
			children = (
				63376BFE2A41815000A23A10 /* Woofy.app */,
			);
			name = Products;
			sourceTree = "<group>";
		};
		63376C002A41815000A23A10 /* Woofy */ = {
			isa = PBXGroup;
			children = (
				63D493322A4CC828001865BA /* Info.plist */,
				63376C012A41815000A23A10 /* WoofyApp.swift */,
				63376C112A4181F900A23A10 /* Views */,
				63D493372A51E4E7001865BA /* View Models */,
				63D493342A4E2879001865BA /* Models */,
				63376C052A41815100A23A10 /* Assets.xcassets */,
				63D493302A4CC730001865BA /* Fonts */,
				63376C072A41815100A23A10 /* Preview Content */,
			);
			path = Woofy;
			sourceTree = "<group>";
		};
		63376C072A41815100A23A10 /* Preview Content */ = {
			isa = PBXGroup;
			children = (
				63376C082A41815100A23A10 /* Preview Assets.xcassets */,
			);
			path = "Preview Content";
			sourceTree = "<group>";
		};
		63376C112A4181F900A23A10 /* Views */ = {
			isa = PBXGroup;
			children = (
				63376C0F2A4181E200A23A10 /* BreedsListView.swift */,
				633901D02A6561D500BDF760 /* BreedDetailsView.swift */,
			);
			path = Views;
			sourceTree = "<group>";
		};
		63D493302A4CC730001865BA /* Fonts */ = {
			isa = PBXGroup;
			children = (
				63D493312A4CC7D4001865BA /* Trocchi-Regular.ttf */,
			);
			path = Fonts;
			sourceTree = "<group>";
		};
		63D493342A4E2879001865BA /* Models */ = {
			isa = PBXGroup;
			children = (
				63D493352A4E28BC001865BA /* Breed.swift */,
				63D4933A2A51EAE8001865BA /* BreedsAPIService.swift */,
			);
			path = Models;
			sourceTree = "<group>";
		};
		63D493372A51E4E7001865BA /* View Models */ = {
			isa = PBXGroup;
			children = (
				63D493382A51E558001865BA /* BreedsListViewModel.swift */,
			);
			path = "View Models";
			sourceTree = "<group>";
		};
/* End PBXGroup section */

/* Begin PBXNativeTarget section */
		63376BFD2A41815000A23A10 /* Woofy */ = {
			isa = PBXNativeTarget;
			buildConfigurationList = 63376C0C2A41815100A23A10 /* Build configuration list for PBXNativeTarget "Woofy" */;
			buildPhases = (
				63376BFA2A41815000A23A10 /* Sources */,
				63376BFB2A41815000A23A10 /* Frameworks */,
				63376BFC2A41815000A23A10 /* Resources */,
			);
			buildRules = (
			);
			dependencies = (
			);
			name = Woofy;
			productName = Woofy;
			productReference = 63376BFE2A41815000A23A10 /* Woofy.app */;
			productType = "com.apple.product-type.application";
		};
/* End PBXNativeTarget section */

/* Begin PBXProject section */
		63376BF62A41815000A23A10 /* Project object */ = {
			isa = PBXProject;
			attributes = {
				BuildIndependentTargetsInParallel = 1;
				LastSwiftUpdateCheck = 1430;
				LastUpgradeCheck = 1430;
				TargetAttributes = {
					63376BFD2A41815000A23A10 = {
						CreatedOnToolsVersion = 14.3;
					};
				};
			};
			buildConfigurationList = 63376BF92A41815000A23A10 /* Build configuration list for PBXProject "Woofy" */;
			compatibilityVersion = "Xcode 14.0";
			developmentRegion = en;
			hasScannedForEncodings = 0;
			knownRegions = (
				en,
				Base,
			);
			mainGroup = 63376BF52A41815000A23A10;
			productRefGroup = 63376BFF2A41815000A23A10 /* Products */;
			projectDirPath = "";
			projectRoot = "";
			targets = (
				63376BFD2A41815000A23A10 /* Woofy */,
			);
		};
/* End PBXProject section */

/* Begin PBXResourcesBuildPhase section */
		63376BFC2A41815000A23A10 /* Resources */ = {
			isa = PBXResourcesBuildPhase;
			buildActionMask = 2147483647;
			files = (
				63376C092A41815100A23A10 /* Preview Assets.xcassets in Resources */,
				63D493332A4CC901001865BA /* Trocchi-Regular.ttf in Resources */,
				63376C062A41815100A23A10 /* Assets.xcassets in Resources */,
			);
			runOnlyForDeploymentPostprocessing = 0;
		};
/* End PBXResourcesBuildPhase section */

/* Begin PBXSourcesBuildPhase section */
		63376BFA2A41815000A23A10 /* Sources */ = {
			isa = PBXSourcesBuildPhase;
			buildActionMask = 2147483647;
			files = (
				633901D12A6561D500BDF760 /* BreedDetailsView.swift in Sources */,
				63D493362A4E28BC001865BA /* Breed.swift in Sources */,
				63D4933B2A51EAE8001865BA /* BreedsAPIService.swift in Sources */,
				63D493392A51E558001865BA /* BreedsListViewModel.swift in Sources */,
				63376C102A4181E200A23A10 /* BreedsListView.swift in Sources */,
				63376C022A41815000A23A10 /* WoofyApp.swift in Sources */,
			);
			runOnlyForDeploymentPostprocessing = 0;
		};
/* End PBXSourcesBuildPhase section */

/* Begin XCBuildConfiguration section */
		63376C0A2A41815100A23A10 /* Debug */ = {
			isa = XCBuildConfiguration;
			buildSettings = {
				ALWAYS_SEARCH_USER_PATHS = NO;
				CLANG_ANALYZER_NONNULL = YES;
				CLANG_ANALYZER_NUMBER_OBJECT_CONVERSION = YES_AGGRESSIVE;
				CLANG_CXX_LANGUAGE_STANDARD = "gnu++20";
				CLANG_ENABLE_MODULES = YES;
				CLANG_ENABLE_OBJC_ARC = YES;
				CLANG_ENABLE_OBJC_WEAK = YES;
				CLANG_WARN_BLOCK_CAPTURE_AUTORELEASING = YES;
				CLANG_WARN_BOOL_CONVERSION = YES;
				CLANG_WARN_COMMA = YES;
				CLANG_WARN_CONSTANT_CONVERSION = YES;
				CLANG_WARN_DEPRECATED_OBJC_IMPLEMENTATIONS = YES;
				CLANG_WARN_DIRECT_OBJC_ISA_USAGE = YES_ERROR;
				CLANG_WARN_DOCUMENTATION_COMMENTS = YES;
				CLANG_WARN_EMPTY_BODY = YES;
				CLANG_WARN_ENUM_CONVERSION = YES;
				CLANG_WARN_INFINITE_RECURSION = YES;
				CLANG_WARN_INT_CONVERSION = YES;
				CLANG_WARN_NON_LITERAL_NULL_CONVERSION = YES;
				CLANG_WARN_OBJC_IMPLICIT_RETAIN_SELF = YES;
				CLANG_WARN_OBJC_LITERAL_CONVERSION = YES;
				CLANG_WARN_OBJC_ROOT_CLASS = YES_ERROR;
				CLANG_WARN_QUOTED_INCLUDE_IN_FRAMEWORK_HEADER = YES;
				CLANG_WARN_RANGE_LOOP_ANALYSIS = YES;
				CLANG_WARN_STRICT_PROTOTYPES = YES;
				CLANG_WARN_SUSPICIOUS_MOVE = YES;
				CLANG_WARN_UNGUARDED_AVAILABILITY = YES_AGGRESSIVE;
				CLANG_WARN_UNREACHABLE_CODE = YES;
				CLANG_WARN__DUPLICATE_METHOD_MATCH = YES;
				COPY_PHASE_STRIP = NO;
				DEBUG_INFORMATION_FORMAT = dwarf;
				ENABLE_STRICT_OBJC_MSGSEND = YES;
				ENABLE_TESTABILITY = YES;
				GCC_C_LANGUAGE_STANDARD = gnu11;
				GCC_DYNAMIC_NO_PIC = NO;
				GCC_NO_COMMON_BLOCKS = YES;
				GCC_OPTIMIZATION_LEVEL = 0;
				GCC_PREPROCESSOR_DEFINITIONS = (
					"DEBUG=1",
					"$(inherited)",
				);
				GCC_WARN_64_TO_32_BIT_CONVERSION = YES;
				GCC_WARN_ABOUT_RETURN_TYPE = YES_ERROR;
				GCC_WARN_UNDECLARED_SELECTOR = YES;
				GCC_WARN_UNINITIALIZED_AUTOS = YES_AGGRESSIVE;
				GCC_WARN_UNUSED_FUNCTION = YES;
				GCC_WARN_UNUSED_VARIABLE = YES;
				IPHONEOS_DEPLOYMENT_TARGET = 16.4;
				MTL_ENABLE_DEBUG_INFO = INCLUDE_SOURCE;
				MTL_FAST_MATH = YES;
				ONLY_ACTIVE_ARCH = YES;
				SDKROOT = iphoneos;
				SWIFT_ACTIVE_COMPILATION_CONDITIONS = DEBUG;
				SWIFT_OPTIMIZATION_LEVEL = "-Onone";
			};
			name = Debug;
		};
		63376C0B2A41815100A23A10 /* Release */ = {
			isa = XCBuildConfiguration;
			buildSettings = {
				ALWAYS_SEARCH_USER_PATHS = NO;
				CLANG_ANALYZER_NONNULL = YES;
				CLANG_ANALYZER_NUMBER_OBJECT_CONVERSION = YES_AGGRESSIVE;
				CLANG_CXX_LANGUAGE_STANDARD = "gnu++20";
				CLANG_ENABLE_MODULES = YES;
				CLANG_ENABLE_OBJC_ARC = YES;
				CLANG_ENABLE_OBJC_WEAK = YES;
				CLANG_WARN_BLOCK_CAPTURE_AUTORELEASING = YES;
				CLANG_WARN_BOOL_CONVERSION = YES;
				CLANG_WARN_COMMA = YES;
				CLANG_WARN_CONSTANT_CONVERSION = YES;
				CLANG_WARN_DEPRECATED_OBJC_IMPLEMENTATIONS = YES;
				CLANG_WARN_DIRECT_OBJC_ISA_USAGE = YES_ERROR;
				CLANG_WARN_DOCUMENTATION_COMMENTS = YES;
				CLANG_WARN_EMPTY_BODY = YES;
				CLANG_WARN_ENUM_CONVERSION = YES;
				CLANG_WARN_INFINITE_RECURSION = YES;
				CLANG_WARN_INT_CONVERSION = YES;
				CLANG_WARN_NON_LITERAL_NULL_CONVERSION = YES;
				CLANG_WARN_OBJC_IMPLICIT_RETAIN_SELF = YES;
				CLANG_WARN_OBJC_LITERAL_CONVERSION = YES;
				CLANG_WARN_OBJC_ROOT_CLASS = YES_ERROR;
				CLANG_WARN_QUOTED_INCLUDE_IN_FRAMEWORK_HEADER = YES;
				CLANG_WARN_RANGE_LOOP_ANALYSIS = YES;
				CLANG_WARN_STRICT_PROTOTYPES = YES;
				CLANG_WARN_SUSPICIOUS_MOVE = YES;
				CLANG_WARN_UNGUARDED_AVAILABILITY = YES_AGGRESSIVE;
				CLANG_WARN_UNREACHABLE_CODE = YES;
				CLANG_WARN__DUPLICATE_METHOD_MATCH = YES;
				COPY_PHASE_STRIP = NO;
				DEBUG_INFORMATION_FORMAT = "dwarf-with-dsym";
				ENABLE_NS_ASSERTIONS = NO;
				ENABLE_STRICT_OBJC_MSGSEND = YES;
				GCC_C_LANGUAGE_STANDARD = gnu11;
				GCC_NO_COMMON_BLOCKS = YES;
				GCC_WARN_64_TO_32_BIT_CONVERSION = YES;
				GCC_WARN_ABOUT_RETURN_TYPE = YES_ERROR;
				GCC_WARN_UNDECLARED_SELECTOR = YES;
				GCC_WARN_UNINITIALIZED_AUTOS = YES_AGGRESSIVE;
				GCC_WARN_UNUSED_FUNCTION = YES;
				GCC_WARN_UNUSED_VARIABLE = YES;
				IPHONEOS_DEPLOYMENT_TARGET = 16.4;
				MTL_ENABLE_DEBUG_INFO = NO;
				MTL_FAST_MATH = YES;
				SDKROOT = iphoneos;
				SWIFT_COMPILATION_MODE = wholemodule;
				SWIFT_OPTIMIZATION_LEVEL = "-O";
				VALIDATE_PRODUCT = YES;
			};
			name = Release;
		};
		63376C0D2A41815100A23A10 /* Debug */ = {
			isa = XCBuildConfiguration;
			buildSettings = {
				ASSETCATALOG_COMPILER_APPICON_NAME = AppIcon;
				ASSETCATALOG_COMPILER_GLOBAL_ACCENT_COLOR_NAME = AccentColor;
				CODE_SIGN_STYLE = Automatic;
				CURRENT_PROJECT_VERSION = 1;
				DEVELOPMENT_ASSET_PATHS = "\"Woofy/Preview Content\"";
				DEVELOPMENT_TEAM = H24Q767P7R;
				ENABLE_PREVIEWS = YES;
				GENERATE_INFOPLIST_FILE = YES;
				INFOPLIST_FILE = Woofy/Info.plist;
				INFOPLIST_KEY_UIApplicationSceneManifest_Generation = YES;
				INFOPLIST_KEY_UIApplicationSupportsIndirectInputEvents = YES;
				INFOPLIST_KEY_UILaunchScreen_Generation = YES;
				INFOPLIST_KEY_UISupportedInterfaceOrientations_iPad = "UIInterfaceOrientationPortrait UIInterfaceOrientationPortraitUpsideDown UIInterfaceOrientationLandscapeLeft UIInterfaceOrientationLandscapeRight";
				INFOPLIST_KEY_UISupportedInterfaceOrientations_iPhone = "UIInterfaceOrientationPortrait UIInterfaceOrientationLandscapeLeft UIInterfaceOrientationLandscapeRight";
				LD_RUNPATH_SEARCH_PATHS = (
					"$(inherited)",
					"@executable_path/Frameworks",
				);
				MARKETING_VERSION = 1.0;
				PRODUCT_BUNDLE_IDENTIFIER = olga.krolikowska.Woofy;
				PRODUCT_NAME = "$(TARGET_NAME)";
				SWIFT_EMIT_LOC_STRINGS = YES;
				SWIFT_VERSION = 5.0;
				TARGETED_DEVICE_FAMILY = "1,2";
			};
			name = Debug;
		};
		63376C0E2A41815100A23A10 /* Release */ = {
			isa = XCBuildConfiguration;
			buildSettings = {
				ASSETCATALOG_COMPILER_APPICON_NAME = AppIcon;
				ASSETCATALOG_COMPILER_GLOBAL_ACCENT_COLOR_NAME = AccentColor;
				CODE_SIGN_STYLE = Automatic;
				CURRENT_PROJECT_VERSION = 1;
				DEVELOPMENT_ASSET_PATHS = "\"Woofy/Preview Content\"";
				DEVELOPMENT_TEAM = H24Q767P7R;
				ENABLE_PREVIEWS = YES;
				GENERATE_INFOPLIST_FILE = YES;
				INFOPLIST_FILE = Woofy/Info.plist;
				INFOPLIST_KEY_UIApplicationSceneManifest_Generation = YES;
				INFOPLIST_KEY_UIApplicationSupportsIndirectInputEvents = YES;
				INFOPLIST_KEY_UILaunchScreen_Generation = YES;
				INFOPLIST_KEY_UISupportedInterfaceOrientations_iPad = "UIInterfaceOrientationPortrait UIInterfaceOrientationPortraitUpsideDown UIInterfaceOrientationLandscapeLeft UIInterfaceOrientationLandscapeRight";
				INFOPLIST_KEY_UISupportedInterfaceOrientations_iPhone = "UIInterfaceOrientationPortrait UIInterfaceOrientationLandscapeLeft UIInterfaceOrientationLandscapeRight";
				LD_RUNPATH_SEARCH_PATHS = (
					"$(inherited)",
					"@executable_path/Frameworks",
				);
				MARKETING_VERSION = 1.0;
				PRODUCT_BUNDLE_IDENTIFIER = olga.krolikowska.Woofy;
				PRODUCT_NAME = "$(TARGET_NAME)";
				SWIFT_EMIT_LOC_STRINGS = YES;
				SWIFT_VERSION = 5.0;
				TARGETED_DEVICE_FAMILY = "1,2";
			};
			name = Release;
		};
/* End XCBuildConfiguration section */

/* Begin XCConfigurationList section */
		63376BF92A41815000A23A10 /* Build configuration list for PBXProject "Woofy" */ = {
			isa = XCConfigurationList;
			buildConfigurations = (
				63376C0A2A41815100A23A10 /* Debug */,
				63376C0B2A41815100A23A10 /* Release */,
			);
			defaultConfigurationIsVisible = 0;
			defaultConfigurationName = Release;
		};
		63376C0C2A41815100A23A10 /* Build configuration list for PBXNativeTarget "Woofy" */ = {
			isa = XCConfigurationList;
			buildConfigurations = (
				63376C0D2A41815100A23A10 /* Debug */,
				63376C0E2A41815100A23A10 /* Release */,
			);
			defaultConfigurationIsVisible = 0;
			defaultConfigurationName = Release;
		};
/* End XCConfigurationList section */
	};
	rootObject = 63376BF62A41815000A23A10 /* Project object */;
}
